# This file is automatically generated.
# It is not intended for manual editing.
version = 1

[[packages]]
name = "wasi:cli"
registry = "wasi.dev"

[[packages.versions]]
requirement = "=0.2.1"
version = "0.2.1"
digest = "sha256:3ecc55e42b2fef72492c380159006c675952647e45e07e1a7b23ffe343d863b8"

[[packages]]
name = "wasi:clocks"
registry = "wasi.dev"

[[packages.versions]]
requirement = "=0.2.1"
version = "0.2.1"
digest = "sha256:3b1b3c8e94989878b77aaa11b2854162db3ad1e03917d3783467388d5bc39bcd"

[[packages]]
name = "wasi:filesystem"
registry = "wasi.dev"

[[packages.versions]]
requirement = "=0.2.1"
version = "0.2.1"
digest = "sha256:dafa83d95d7aada5bfe04218fecb901e20e9e1d72363666fb1cf78b31d036c2a"

[[packages]]
name = "wasi:http"
registry = "wasi.dev"

[[packages.versions]]
requirement = "=0.2.1"
version = "0.2.1"
digest = "sha256:a2e003de97f144467a05a545d376207267e82abb18741505a6b87aa40f4b33db"

[[packages]]
name = "wasi:io"
registry = "wasi.dev"

[[packages.versions]]
requirement = "=0.2.1"
version = "0.2.1"
digest = "sha256:5034a51928ed3ca261a85ecef0cc8b81f9fc9edbdceb4bf8ee00ba888f3f6b25"

[[packages]]
name = "wasi:random"
registry = "wasi.dev"

[[packages.versions]]
requirement = "=0.2.1"
version = "0.2.1"
digest = "sha256:d069e5ac7cb30dffa2e4a0da034bcd39e342935c37fc5c5ce2f40a4c6058b693"

[[packages]]
name = "wasi:sockets"
registry = "wasi.dev"

[[packages.versions]]
requirement = "=0.2.1"
version = "0.2.1"
digest = "sha256:ccbda2d88e133f4f29250266c3a6729893ace88c8c8caedf44824b555174f6a8"
