# This file is automatically generated.
# It is not intended for manual editing.
version = 1

[[packages]]
name = "wasi:cli"
registry = "wasi.dev"

[[packages.versions]]
requirement = "=0.2.3"
version = "0.2.3"
digest = "sha256:8f97d837e1f856a225422869d5c34752204d1befb5a04d0cd80541aec17a20c1"

[[packages]]
name = "wasi:clocks"
registry = "wasi.dev"

[[packages.versions]]
requirement = "=0.2.3"
version = "0.2.3"
digest = "sha256:3bbed4e582d6209cf281cfe94e51d64fd0c9507635c5e1c68795f493b6cdada9"

[[packages]]
name = "wasi:filesystem"
registry = "wasi.dev"

[[packages.versions]]
requirement = "=0.2.3"
version = "0.2.3"
digest = "sha256:a8e65d5b946d9c374ae6832ca6f90316e9b51e6f2a8d9691032cd91e25fe221f"

[[packages]]
name = "wasi:http"
registry = "wasi.dev"

[[packages.versions]]
requirement = "=0.2.3"
version = "0.2.3"
digest = "sha256:e526c1586efc94cd148e33725139be05c4bb58ba20466d348282bd8dc3999f1d"

[[packages]]
name = "wasi:io"
registry = "wasi.dev"

[[packages.versions]]
requirement = "=0.2.3"
version = "0.2.3"
digest = "sha256:06b1e3bfc7548e3c0c06a78b4c1f98a3fa81b8b231ea3d4e7602fe221e2f3cc5"

[[packages]]
name = "wasi:random"
registry = "wasi.dev"

[[packages.versions]]
requirement = "=0.2.3"
version = "0.2.3"
digest = "sha256:90bff11fae5e2df9196ee89cd00d374792dce8afadf5c4c761a834ed760588e3"

[[packages]]
name = "wasi:sockets"
registry = "wasi.dev"

[[packages.versions]]
requirement = "=0.2.3"
version = "0.2.3"
digest = "sha256:dcbe3e55d025d3b3a7ee959c4f74119be0d7d85d1289d4ac6d29a4a37b4d47d7"
